Microsoft Visual Studio Solution File, Format Version 8.00
Project("{FAE04EC0-301F-11D3-BF4B-00C04F79EFBC}") = "PicoContainer", "src\PicoContainer.csproj", "{FCAC6035-3224-432B-AD7E-A68AFC35019C}"
	ProjectSection(ProjectDependencies) = postProject
	EndProjectSection
EndProject
Project("{FAE04EC0-301F-11D3-BF4B-00C04F79EFBC}") = "Test", "src\Test\Test.csproj", "{A8BAFB24-253F-4F42-A5B9-D568AFC4FCE4}"
	ProjectSection(ProjectDependencies) = postProject
	EndProjectSection
EndProject
Global
	GlobalSection(SolutionConfiguration) = preSolution
		Debug = Debug
		Release = Release
	EndGlobalSection
	GlobalSection(ProjectConfiguration) = postSolution
		{FCAC6035-3224-432B-AD7E-A68AFC35019C}.Debug.ActiveCfg = Debug|.NET
		{FCAC6035-3224-432B-AD7E-A68AFC35019C}.Debug.Build.0 = Debug|.NET
		{FCAC6035-3224-432B-AD7E-A68AFC35019C}.Release.ActiveCfg = Release|.NET
		{FCAC6035-3224-432B-AD7E-A68AFC35019C}.Release.Build.0 = Release|.NET
		{A8BAFB24-253F-4F42-A5B9-D568AFC4FCE4}.Debug.ActiveCfg = Debug|.NET
		{A8BAFB24-253F-4F42-A5B9-D568AFC4FCE4}.Debug.Build.0 = Debug|.NET
		{A8BAFB24-253F-4F42-A5B9-D568AFC4FCE4}.Release.ActiveCfg = Release|.NET
		{A8BAFB24-253F-4F42-A5B9-D568AFC4FCE4}.Release.Build.0 = Release|.NET
	EndGlobalSection
	GlobalSection(ExtensibilityGlobals) = postSolution
	EndGlobalSection
	GlobalSection(ExtensibilityAddIns) = postSolution
	EndGlobalSection
EndGlobal
