Microsoft Visual Studio Solution File, Format Version 8.00
Project("{FAE04EC0-301F-11D3-BF4B-00C04F79EFBC}") = "PicoContainer.Source", "PicoContainer.Source\PicoContainer.Source.csproj", "{FEA87CBA-1709-466E-8186-5FFD705DB8A0}"
	ProjectSection(ProjectDependencies) = postProject
	EndProjectSection
EndProject
Project("{FAE04EC0-301F-11D3-BF4B-00C04F79EFBC}") = "PicoContainer.Test", "PicoContainer.Test\PicoContainer.Test.csproj", "{23192F9E-4684-40C2-8F6E-8D06E3958D94}"
	ProjectSection(ProjectDependencies) = postProject
		{FEA87CBA-1709-466E-8186-5FFD705DB8A0} = {FEA87CBA-1709-466E-8186-5FFD705DB8A0}
	EndProjectSection
EndProject
Global
	GlobalSection(SolutionConfiguration) = preSolution
		Debug = Debug
		Release = Release
	EndGlobalSection
	GlobalSection(ProjectConfiguration) = postSolution
		{FEA87CBA-1709-466E-8186-5FFD705DB8A0}.Debug.ActiveCfg = Debug|.NET
		{FEA87CBA-1709-466E-8186-5FFD705DB8A0}.Debug.Build.0 = Debug|.NET
		{FEA87CBA-1709-466E-8186-5FFD705DB8A0}.Release.ActiveCfg = Release|.NET
		{FEA87CBA-1709-466E-8186-5FFD705DB8A0}.Release.Build.0 = Release|.NET
		{23192F9E-4684-40C2-8F6E-8D06E3958D94}.Debug.ActiveCfg = Debug|.NET
		{23192F9E-4684-40C2-8F6E-8D06E3958D94}.Debug.Build.0 = Debug|.NET
		{23192F9E-4684-40C2-8F6E-8D06E3958D94}.Release.ActiveCfg = Release|.NET
		{23192F9E-4684-40C2-8F6E-8D06E3958D94}.Release.Build.0 = Release|.NET
	EndGlobalSection
	GlobalSection(ExtensibilityGlobals) = postSolution
	EndGlobalSection
	GlobalSection(ExtensibilityAddIns) = postSolution
	EndGlobalSection
EndGlobal
