Microsoft Visual Studio Solution File, Format Version 8.00
Project("{FAE04EC0-301F-11D3-BF4B-00C04F79EFBC}") = "Pico", "src\Pico.csproj", "{0287AA23-9AED-45A5-915F-7149173F148B}"
	ProjectSection(ProjectDependencies) = postProject
	EndProjectSection
EndProject
Global
	GlobalSection(SolutionConfiguration) = preSolution
		Debug = Debug
		Release = Release
	EndGlobalSection
	GlobalSection(ProjectConfiguration) = postSolution
		{0287AA23-9AED-45A5-915F-7149173F148B}.Debug.ActiveCfg = Debug|.NET
		{0287AA23-9AED-45A5-915F-7149173F148B}.Debug.Build.0 = Debug|.NET
		{0287AA23-9AED-45A5-915F-7149173F148B}.Release.ActiveCfg = Release|.NET
		{0287AA23-9AED-45A5-915F-7149173F148B}.Release.Build.0 = Release|.NET
	EndGlobalSection
	GlobalSection(SolutionItems) = postSolution
		pico.build = pico.build
	EndGlobalSection
	GlobalSection(ExtensibilityGlobals) = postSolution
	EndGlobalSection
	GlobalSection(ExtensibilityAddIns) = postSolution
	EndGlobalSection
EndGlobal
